
Microsoft Visual Studio Solution File, Format Version 12.00
# Visual Studio 15
VisualStudioVersion = 15.0.27428.2011
MinimumVisualStudioVersion = 10.0.40219.1
Project("{FAE04EC0-301F-11D3-BF4B-00C04F79EFBC}") = "MSUnitTest", "MSUnitTest\MSUnitTest.csproj", "{7542BA96-F409-4FAF-A36E-BA666B79D23C}"
EndProject
Project("{FAE04EC0-301F-11D3-BF4B-00C04F79EFBC}") = "NUnitTest", "NUnitTest\NUnitTest.csproj", "{08862EE2-5B72-48F6-829B-789B1D0E72D6}"
EndProject
Global
	GlobalSection(SolutionConfigurationPlatforms) = preSolution
		Debug|Any CPU = Debug|Any CPU
		Release|Any CPU = Release|Any CPU
	EndGlobalSection
	GlobalSection(ProjectConfigurationPlatforms) = postSolution
		{7542BA96-F409-4FAF-A36E-BA666B79D23C}.Debug|Any CPU.ActiveCfg = Debug|Any CPU
		{7542BA96-F409-4FAF-A36E-BA666B79D23C}.Debug|Any CPU.Build.0 = Debug|Any CPU
		{7542BA96-F409-4FAF-A36E-BA666B79D23C}.Release|Any CPU.ActiveCfg = Release|Any CPU
		{7542BA96-F409-4FAF-A36E-BA666B79D23C}.Release|Any CPU.Build.0 = Release|Any CPU
		{08862EE2-5B72-48F6-829B-789B1D0E72D6}.Debug|Any CPU.ActiveCfg = Debug|Any CPU
		{08862EE2-5B72-48F6-829B-789B1D0E72D6}.Debug|Any CPU.Build.0 = Debug|Any CPU
		{08862EE2-5B72-48F6-829B-789B1D0E72D6}.Release|Any CPU.ActiveCfg = Release|Any CPU
		{08862EE2-5B72-48F6-829B-789B1D0E72D6}.Release|Any CPU.Build.0 = Release|Any CPU
	EndGlobalSection
	GlobalSection(SolutionProperties) = preSolution
		HideSolutionNode = FALSE
	EndGlobalSection
	GlobalSection(ExtensibilityGlobals) = postSolution
		SolutionGuid = {F5A0C7C8-34EE-4DA7-A98B-7689051177EE}
	EndGlobalSection
EndGlobal
