
Microsoft Visual Studio Solution File, Format Version 12.00
# Visual Studio 15
VisualStudioVersion = 15.0.27428.2011
MinimumVisualStudioVersion = 10.0.40219.1
Project("{9A19103F-16F7-4668-BE54-9A1E7A4F7556}") = "WebApiAuth", "WebApiAuth\WebApiAuth.csproj", "{3E6665D7-312E-40BD-BC32-DF0CF5D958B8}"
EndProject
Global
	GlobalSection(SolutionConfigurationPlatforms) = preSolution
		Debug|Any CPU = Debug|Any CPU
		Release|Any CPU = Release|Any CPU
	EndGlobalSection
	GlobalSection(ProjectConfigurationPlatforms) = postSolution
		{3E6665D7-312E-40BD-BC32-DF0CF5D958B8}.Debug|Any CPU.ActiveCfg = Debug|Any CPU
		{3E6665D7-312E-40BD-BC32-DF0CF5D958B8}.Debug|Any CPU.Build.0 = Debug|Any CPU
		{3E6665D7-312E-40BD-BC32-DF0CF5D958B8}.Release|Any CPU.ActiveCfg = Release|Any CPU
		{3E6665D7-312E-40BD-BC32-DF0CF5D958B8}.Release|Any CPU.Build.0 = Release|Any CPU
	EndGlobalSection
	GlobalSection(SolutionProperties) = preSolution
		HideSolutionNode = FALSE
	EndGlobalSection
	GlobalSection(ExtensibilityGlobals) = postSolution
		SolutionGuid = {505FA110-FA77-4EF3-8D5E-3268526B0F32}
	EndGlobalSection
EndGlobal
