
Microsoft Visual Studio Solution File, Format Version 12.00
# Visual Studio 15
VisualStudioVersion = 15.0.27428.2011
MinimumVisualStudioVersion = 10.0.40219.1
Project("{9A19103F-16F7-4668-BE54-9A1E7A4F7556}") = "WebApi", "WebApi\WebApi.csproj", "{F478120B-02FE-4EE9-BFAB-2F6C77CB0A58}"
EndProject
Project("{9A19103F-16F7-4668-BE54-9A1E7A4F7556}") = "XUnitTest", "XUnitTest\XUnitTest.csproj", "{92F3E65B-CD96-46EF-99CF-20AB7C30BC6B}"
EndProject
Global
	GlobalSection(SolutionConfigurationPlatforms) = preSolution
		Debug|Any CPU = Debug|Any CPU
		Release|Any CPU = Release|Any CPU
	EndGlobalSection
	GlobalSection(ProjectConfigurationPlatforms) = postSolution
		{F478120B-02FE-4EE9-BFAB-2F6C77CB0A58}.Debug|Any CPU.ActiveCfg = Debug|Any CPU
		{F478120B-02FE-4EE9-BFAB-2F6C77CB0A58}.Debug|Any CPU.Build.0 = Debug|Any CPU
		{F478120B-02FE-4EE9-BFAB-2F6C77CB0A58}.Release|Any CPU.ActiveCfg = Release|Any CPU
		{F478120B-02FE-4EE9-BFAB-2F6C77CB0A58}.Release|Any CPU.Build.0 = Release|Any CPU
		{92F3E65B-CD96-46EF-99CF-20AB7C30BC6B}.Debug|Any CPU.ActiveCfg = Debug|Any CPU
		{92F3E65B-CD96-46EF-99CF-20AB7C30BC6B}.Debug|Any CPU.Build.0 = Debug|Any CPU
		{92F3E65B-CD96-46EF-99CF-20AB7C30BC6B}.Release|Any CPU.ActiveCfg = Release|Any CPU
		{92F3E65B-CD96-46EF-99CF-20AB7C30BC6B}.Release|Any CPU.Build.0 = Release|Any CPU
	EndGlobalSection
	GlobalSection(SolutionProperties) = preSolution
		HideSolutionNode = FALSE
	EndGlobalSection
	GlobalSection(ExtensibilityGlobals) = postSolution
		SolutionGuid = {505FA110-FA77-4EF3-8D5E-3268526B0F32}
	EndGlobalSection
EndGlobal
